
Microsoft Visual Studio Solution File, Format Version 12.00
# Visual Studio Version 17
VisualStudioVersion = 17.10.35013.160
MinimumVisualStudioVersion = 10.0.40219.1
Project("{FAE04EC0-301F-11D3-BF4B-00C04F79EFBC}") = "Batcher", "Batcher\Batcher.csproj", "{B54B9EB3-C559-40EC-BA0E-D9D0B3C52D73}"
EndProject
Global
	GlobalSection(SolutionConfigurationPlatforms) = preSolution
		Debug|Any CPU = Debug|Any CPU
		Release|Any CPU = Release|Any CPU
	EndGlobalSection
	GlobalSection(ProjectConfigurationPlatforms) = postSolution
		{B54B9EB3-C559-40EC-BA0E-D9D0B3C52D73}.Debug|Any CPU.ActiveCfg = Debug|Any CPU
		{B54B9EB3-C559-40EC-BA0E-D9D0B3C52D73}.Debug|Any CPU.Build.0 = Debug|Any CPU
		{B54B9EB3-C559-40EC-BA0E-D9D0B3C52D73}.Release|Any CPU.ActiveCfg = Release|Any CPU
		{B54B9EB3-C559-40EC-BA0E-D9D0B3C52D73}.Release|Any CPU.Build.0 = Release|Any CPU
	EndGlobalSection
	GlobalSection(SolutionProperties) = preSolution
		HideSolutionNode = FALSE
	EndGlobalSection
	GlobalSection(ExtensibilityGlobals) = postSolution
		SolutionGuid = {0C6A14BF-D3E1-4DFC-A0D6-F378DB21E19A}
	EndGlobalSection
EndGlobal
